
Microsoft Visual Studio Solution File, Format Version 12.00
Project("{FAE04EC0-301F-11D3-BF4B-00C04F79EFBC}") = "CW7-S30916", "CW7-S30916\CW7-S30916.csproj", "{32B4648F-3739-4B6C-A1CE-090DDF77372C}"
EndProject
Global
	GlobalSection(SolutionConfigurationPlatforms) = preSolution
		Debug|Any CPU = Debug|Any CPU
		Release|Any CPU = Release|Any CPU
	EndGlobalSection
	GlobalSection(ProjectConfigurationPlatforms) = postSolution
		{32B4648F-3739-4B6C-A1CE-090DDF77372C}.Debug|Any CPU.ActiveCfg = Debug|Any CPU
		{32B4648F-3739-4B6C-A1CE-090DDF77372C}.Debug|Any CPU.Build.0 = Debug|Any CPU
		{32B4648F-3739-4B6C-A1CE-090DDF77372C}.Release|Any CPU.ActiveCfg = Release|Any CPU
		{32B4648F-3739-4B6C-A1CE-090DDF77372C}.Release|Any CPU.Build.0 = Release|Any CPU
	EndGlobalSection
EndGlobal
